// !$*UTF8*$!
{
	archiveVersion = 1;
	classes = {
	};
	objectVersion = 50;
	objects = {

/* Begin PBXBuildFile section */
		9487801626C0D63100714498 /* HackingWithSwiftApp.swift in Sources */ = {isa = PBXBuildFile; fileRef = 9487801526C0D63100714498 /* HackingWithSwiftApp.swift */; };
		9487801826C0D63100714498 /* ContentView.swift in Sources */ = {isa = PBXBuildFile; fileRef = 9487801726C0D63100714498 /* ContentView.swift */; };
		9487801A26C0D63300714498 /* Assets.xcassets in Resources */ = {isa = PBXBuildFile; fileRef = 9487801926C0D63300714498 /* Assets.xcassets */; };
		9487801D26C0D63300714498 /* Preview Assets.xcassets in Resources */ = {isa = PBXBuildFile; fileRef = 9487801C26C0D63300714498 /* Preview Assets.xcassets */; };
		9487802526C3796200714498 /* locations.json in Resources */ = {isa = PBXBuildFile; fileRef = 9487802426C3796200714498 /* locations.json */; };
		9487802726C3796D00714498 /* tips.json in Resources */ = {isa = PBXBuildFile; fileRef = 9487802626C3796D00714498 /* tips.json */; };
		9487802926C6177D00714498 /* Location.swift in Sources */ = {isa = PBXBuildFile; fileRef = 9487802826C6177D00714498 /* Location.swift */; };
		9487802B26C7790900714498 /* Locations.swift in Sources */ = {isa = PBXBuildFile; fileRef = 9487802A26C7790900714498 /* Locations.swift */; };
		9487802D26C8CD6100714498 /* WorldView.swift in Sources */ = {isa = PBXBuildFile; fileRef = 9487802C26C8CD6100714498 /* WorldView.swift */; };
		9487802F26CA087500714498 /* Tip.swift in Sources */ = {isa = PBXBuildFile; fileRef = 9487802E26CA087500714498 /* Tip.swift */; };
		9487803126CA09AF00714498 /* TipsView.swift in Sources */ = {isa = PBXBuildFile; fileRef = 9487803026CA09AF00714498 /* TipsView.swift */; };
/* End PBXBuildFile section */

/* Begin PBXFileReference section */
		9487801226C0D63100714498 /* HackingWithSwift.app */ = {isa = PBXFileReference; explicitFileType = wrapper.application; includeInIndex = 0; path = HackingWithSwift.app; sourceTree = BUILT_PRODUCTS_DIR; };
		9487801526C0D63100714498 /* HackingWithSwiftApp.swift */ = {isa = PBXFileReference; lastKnownFileType = sourcecode.swift; path = HackingWithSwiftApp.swift; sourceTree = "<group>"; };
		9487801726C0D63100714498 /* ContentView.swift */ = {isa = PBXFileReference; lastKnownFileType = sourcecode.swift; path = ContentView.swift; sourceTree = "<group>"; };
		9487801926C0D63300714498 /* Assets.xcassets */ = {isa = PBXFileReference; lastKnownFileType = folder.assetcatalog; path = Assets.xcassets; sourceTree = "<group>"; };
		9487801C26C0D63300714498 /* Preview Assets.xcassets */ = {isa = PBXFileReference; lastKnownFileType = folder.assetcatalog; path = "Preview Assets.xcassets"; sourceTree = "<group>"; };
		9487801E26C0D63300714498 /* Info.plist */ = {isa = PBXFileReference; lastKnownFileType = text.plist.xml; path = Info.plist; sourceTree = "<group>"; };
		9487802426C3796200714498 /* locations.json */ = {isa = PBXFileReference; fileEncoding = 4; lastKnownFileType = text.json; path = locations.json; sourceTree = "<group>"; };
		9487802626C3796D00714498 /* tips.json */ = {isa = PBXFileReference; fileEncoding = 4; lastKnownFileType = text.json; path = tips.json; sourceTree = "<group>"; };
		9487802826C6177D00714498 /* Location.swift */ = {isa = PBXFileReference; lastKnownFileType = sourcecode.swift; path = Location.swift; sourceTree = "<group>"; };
		9487802A26C7790900714498 /* Locations.swift */ = {isa = PBXFileReference; lastKnownFileType = sourcecode.swift; path = Locations.swift; sourceTree = "<group>"; };
		9487802C26C8CD6100714498 /* WorldView.swift */ = {isa = PBXFileReference; lastKnownFileType = sourcecode.swift; path = WorldView.swift; sourceTree = "<group>"; };
		9487802E26CA087500714498 /* Tip.swift */ = {isa = PBXFileReference; lastKnownFileType = sourcecode.swift; path = Tip.swift; sourceTree = "<group>"; };
		9487803026CA09AF00714498 /* TipsView.swift */ = {isa = PBXFileReference; lastKnownFileType = sourcecode.swift; path = TipsView.swift; sourceTree = "<group>"; };
/* End PBXFileReference section */

/* Begin PBXFrameworksBuildPhase section */
		9487800F26C0D63100714498 /* Frameworks */ = {
			isa = PBXFrameworksBuildPhase;
			buildActionMask = 2147483647;
			files = (
			);
			runOnlyForDeploymentPostprocessing = 0;
		};
/* End PBXFrameworksBuildPhase section */

/* Begin PBXGroup section */
		9487800926C0D63100714498 = {
			isa = PBXGroup;
			children = (
				9487801426C0D63100714498 /* HackingWithSwift */,
				9487801326C0D63100714498 /* Products */,
			);
			sourceTree = "<group>";
		};
		9487801326C0D63100714498 /* Products */ = {
			isa = PBXGroup;
			children = (
				9487801226C0D63100714498 /* HackingWithSwift.app */,
			);
			name = Products;
			sourceTree = "<group>";
		};
		9487801426C0D63100714498 /* HackingWithSwift */ = {
			isa = PBXGroup;
			children = (
				9487801526C0D63100714498 /* HackingWithSwiftApp.swift */,
				9487802C26C8CD6100714498 /* WorldView.swift */,
				9487802A26C7790900714498 /* Locations.swift */,
				9487801726C0D63100714498 /* ContentView.swift */,
				9487801926C0D63300714498 /* Assets.xcassets */,
				9487802426C3796200714498 /* locations.json */,
				9487803026CA09AF00714498 /* TipsView.swift */,
				9487802826C6177D00714498 /* Location.swift */,
				9487802626C3796D00714498 /* tips.json */,
				9487802E26CA087500714498 /* Tip.swift */,
				9487801E26C0D63300714498 /* Info.plist */,
				9487801B26C0D63300714498 /* Preview Content */,
			);
			path = HackingWithSwift;
			sourceTree = "<group>";
		};
		9487801B26C0D63300714498 /* Preview Content */ = {
			isa = PBXGroup;
			children = (
				9487801C26C0D63300714498 /* Preview Assets.xcassets */,
			);
			path = "Preview Content";
			sourceTree = "<group>";
		};
/* End PBXGroup section */

/* Begin PBXNativeTarget section */
		9487801126C0D63100714498 /* HackingWithSwift */ = {
			isa = PBXNativeTarget;
			buildConfigurationList = 9487802126C0D63300714498 /* Build configuration list for PBXNativeTarget "HackingWithSwift" */;
			buildPhases = (
				9487800E26C0D63100714498 /* Sources */,
				9487800F26C0D63100714498 /* Frameworks */,
				9487801026C0D63100714498 /* Resources */,
			);
			buildRules = (
			);
			dependencies = (
			);
			name = HackingWithSwift;
			productName = HackingWithSwift;
			productReference = 9487801226C0D63100714498 /* HackingWithSwift.app */;
			productType = "com.apple.product-type.application";
		};
/* End PBXNativeTarget section */

/* Begin PBXProject section */
		9487800A26C0D63100714498 /* Project object */ = {
			isa = PBXProject;
			attributes = {
				LastSwiftUpdateCheck = 1250;
				LastUpgradeCheck = 1250;
				TargetAttributes = {
					9487801126C0D63100714498 = {
						CreatedOnToolsVersion = 12.5.1;
					};
				};
			};
			buildConfigurationList = 9487800D26C0D63100714498 /* Build configuration list for PBXProject "HackingWithSwift" */;
			compatibilityVersion = "Xcode 9.3";
			developmentRegion = en;
			hasScannedForEncodings = 0;
			knownRegions = (
				en,
				Base,
			);
			mainGroup = 9487800926C0D63100714498;
			productRefGroup = 9487801326C0D63100714498 /* Products */;
			projectDirPath = "";
			projectRoot = "";
			targets = (
				9487801126C0D63100714498 /* HackingWithSwift */,
			);
		};
/* End PBXProject section */

/* Begin PBXResourcesBuildPhase section */
		9487801026C0D63100714498 /* Resources */ = {
			isa = PBXResourcesBuildPhase;
			buildActionMask = 2147483647;
			files = (
				9487801D26C0D63300714498 /* Preview Assets.xcassets in Resources */,
				9487802726C3796D00714498 /* tips.json in Resources */,
				9487802526C3796200714498 /* locations.json in Resources */,
				9487801A26C0D63300714498 /* Assets.xcassets in Resources */,
			);
			runOnlyForDeploymentPostprocessing = 0;
		};
/* End PBXResourcesBuildPhase section */

/* Begin PBXSourcesBuildPhase section */
		9487800E26C0D63100714498 /* Sources */ = {
			isa = PBXSourcesBuildPhase;
			buildActionMask = 2147483647;
			files = (
				9487801826C0D63100714498 /* ContentView.swift in Sources */,
				9487802926C6177D00714498 /* Location.swift in Sources */,
				9487802D26C8CD6100714498 /* WorldView.swift in Sources */,
				9487802F26CA087500714498 /* Tip.swift in Sources */,
				9487803126CA09AF00714498 /* TipsView.swift in Sources */,
				9487802B26C7790900714498 /* Locations.swift in Sources */,
				9487801626C0D63100714498 /* HackingWithSwiftApp.swift in Sources */,
			);
			runOnlyForDeploymentPostprocessing = 0;
		};
/* End PBXSourcesBuildPhase section */

/* Begin XCBuildConfiguration section */
		9487801F26C0D63300714498 /* Debug */ = {
			isa = XCBuildConfiguration;
			buildSettings = {
				ALWAYS_SEARCH_USER_PATHS = NO;
				CLANG_ANALYZER_NONNULL = YES;
				CLANG_ANALYZER_NUMBER_OBJECT_CONVERSION = YES_AGGRESSIVE;
				CLANG_CXX_LANGUAGE_STANDARD = "gnu++14";
				CLANG_CXX_LIBRARY = "libc++";
				CLANG_ENABLE_MODULES = YES;
				CLANG_ENABLE_OBJC_ARC = YES;
				CLANG_ENABLE_OBJC_WEAK = YES;
				CLANG_WARN_BLOCK_CAPTURE_AUTORELEASING = YES;
				CLANG_WARN_BOOL_CONVERSION = YES;
				CLANG_WARN_COMMA = YES;
				CLANG_WARN_CONSTANT_CONVERSION = YES;
				CLANG_WARN_DEPRECATED_OBJC_IMPLEMENTATIONS = YES;
				CLANG_WARN_DIRECT_OBJC_ISA_USAGE = YES_ERROR;
				CLANG_WARN_DOCUMENTATION_COMMENTS = YES;
				CLANG_WARN_EMPTY_BODY = YES;
				CLANG_WARN_ENUM_CONVERSION = YES;
				CLANG_WARN_INFINITE_RECURSION = YES;
				CLANG_WARN_INT_CONVERSION = YES;
				CLANG_WARN_NON_LITERAL_NULL_CONVERSION = YES;
				CLANG_WARN_OBJC_IMPLICIT_RETAIN_SELF = YES;
				CLANG_WARN_OBJC_LITERAL_CONVERSION = YES;
				CLANG_WARN_OBJC_ROOT_CLASS = YES_ERROR;
				CLANG_WARN_QUOTED_INCLUDE_IN_FRAMEWORK_HEADER = YES;
				CLANG_WARN_RANGE_LOOP_ANALYSIS = YES;
				CLANG_WARN_STRICT_PROTOTYPES = YES;
				CLANG_WARN_SUSPICIOUS_MOVE = YES;
				CLANG_WARN_UNGUARDED_AVAILABILITY = YES_AGGRESSIVE;
				CLANG_WARN_UNREACHABLE_CODE = YES;
				CLANG_WARN__DUPLICATE_METHOD_MATCH = YES;
				COPY_PHASE_STRIP = NO;
				DEBUG_INFORMATION_FORMAT = dwarf;
				ENABLE_STRICT_OBJC_MSGSEND = YES;
				ENABLE_TESTABILITY = YES;
				GCC_C_LANGUAGE_STANDARD = gnu11;
				GCC_DYNAMIC_NO_PIC = NO;
				GCC_NO_COMMON_BLOCKS = YES;
				GCC_OPTIMIZATION_LEVEL = 0;
				GCC_PREPROCESSOR_DEFINITIONS = (
					"DEBUG=1",
					"$(inherited)",
				);
				GCC_WARN_64_TO_32_BIT_CONVERSION = YES;
				GCC_WARN_ABOUT_RETURN_TYPE = YES_ERROR;
				GCC_WARN_UNDECLARED_SELECTOR = YES;
				GCC_WARN_UNINITIALIZED_AUTOS = YES_AGGRESSIVE;
				GCC_WARN_UNUSED_FUNCTION = YES;
				GCC_WARN_UNUSED_VARIABLE = YES;
				IPHONEOS_DEPLOYMENT_TARGET = 14.5;
				MTL_ENABLE_DEBUG_INFO = INCLUDE_SOURCE;
				MTL_FAST_MATH = YES;
				ONLY_ACTIVE_ARCH = YES;
				SDKROOT = iphoneos;
				SWIFT_ACTIVE_COMPILATION_CONDITIONS = DEBUG;
				SWIFT_OPTIMIZATION_LEVEL = "-Onone";
			};
			name = Debug;
		};
		9487802026C0D63300714498 /* Release */ = {
			isa = XCBuildConfiguration;
			buildSettings = {
				ALWAYS_SEARCH_USER_PATHS = NO;
				CLANG_ANALYZER_NONNULL = YES;
				CLANG_ANALYZER_NUMBER_OBJECT_CONVERSION = YES_AGGRESSIVE;
				CLANG_CXX_LANGUAGE_STANDARD = "gnu++14";
				CLANG_CXX_LIBRARY = "libc++";
				CLANG_ENABLE_MODULES = YES;
				CLANG_ENABLE_OBJC_ARC = YES;
				CLANG_ENABLE_OBJC_WEAK = YES;
				CLANG_WARN_BLOCK_CAPTURE_AUTORELEASING = YES;
				CLANG_WARN_BOOL_CONVERSION = YES;
				CLANG_WARN_COMMA = YES;
				CLANG_WARN_CONSTANT_CONVERSION = YES;
				CLANG_WARN_DEPRECATED_OBJC_IMPLEMENTATIONS = YES;
				CLANG_WARN_DIRECT_OBJC_ISA_USAGE = YES_ERROR;
				CLANG_WARN_DOCUMENTATION_COMMENTS = YES;
				CLANG_WARN_EMPTY_BODY = YES;
				CLANG_WARN_ENUM_CONVERSION = YES;
				CLANG_WARN_INFINITE_RECURSION = YES;
				CLANG_WARN_INT_CONVERSION = YES;
				CLANG_WARN_NON_LITERAL_NULL_CONVERSION = YES;
				CLANG_WARN_OBJC_IMPLICIT_RETAIN_SELF = YES;
				CLANG_WARN_OBJC_LITERAL_CONVERSION = YES;
				CLANG_WARN_OBJC_ROOT_CLASS = YES_ERROR;
				CLANG_WARN_QUOTED_INCLUDE_IN_FRAMEWORK_HEADER = YES;
				CLANG_WARN_RANGE_LOOP_ANALYSIS = YES;
				CLANG_WARN_STRICT_PROTOTYPES = YES;
				CLANG_WARN_SUSPICIOUS_MOVE = YES;
				CLANG_WARN_UNGUARDED_AVAILABILITY = YES_AGGRESSIVE;
				CLANG_WARN_UNREACHABLE_CODE = YES;
				CLANG_WARN__DUPLICATE_METHOD_MATCH = YES;
				COPY_PHASE_STRIP = NO;
				DEBUG_INFORMATION_FORMAT = "dwarf-with-dsym";
				ENABLE_NS_ASSERTIONS = NO;
				ENABLE_STRICT_OBJC_MSGSEND = YES;
				GCC_C_LANGUAGE_STANDARD = gnu11;
				GCC_NO_COMMON_BLOCKS = YES;
				GCC_WARN_64_TO_32_BIT_CONVERSION = YES;
				GCC_WARN_ABOUT_RETURN_TYPE = YES_ERROR;
				GCC_WARN_UNDECLARED_SELECTOR = YES;
				GCC_WARN_UNINITIALIZED_AUTOS = YES_AGGRESSIVE;
				GCC_WARN_UNUSED_FUNCTION = YES;
				GCC_WARN_UNUSED_VARIABLE = YES;
				IPHONEOS_DEPLOYMENT_TARGET = 14.5;
				MTL_ENABLE_DEBUG_INFO = NO;
				MTL_FAST_MATH = YES;
				SDKROOT = iphoneos;
				SWIFT_COMPILATION_MODE = wholemodule;
				SWIFT_OPTIMIZATION_LEVEL = "-O";
				VALIDATE_PRODUCT = YES;
			};
			name = Release;
		};
		9487802226C0D63300714498 /* Debug */ = {
			isa = XCBuildConfiguration;
			buildSettings = {
				ASSETCATALOG_COMPILER_APPICON_NAME = AppIcon;
				ASSETCATALOG_COMPILER_GLOBAL_ACCENT_COLOR_NAME = AccentColor;
				CODE_SIGN_STYLE = Automatic;
				DEVELOPMENT_ASSET_PATHS = "\"HackingWithSwift/Preview Content\"";
				ENABLE_PREVIEWS = YES;
				INFOPLIST_FILE = HackingWithSwift/Info.plist;
				IPHONEOS_DEPLOYMENT_TARGET = 14.0;
				LD_RUNPATH_SEARCH_PATHS = (
					"$(inherited)",
					"@executable_path/Frameworks",
				);
				PRODUCT_BUNDLE_IDENTIFIER = test.HackingWithSwift;
				PRODUCT_NAME = "$(TARGET_NAME)";
				SWIFT_VERSION = 5.0;
				TARGETED_DEVICE_FAMILY = "1,2";
			};
			name = Debug;
		};
		9487802326C0D63300714498 /* Release */ = {
			isa = XCBuildConfiguration;
			buildSettings = {
				ASSETCATALOG_COMPILER_APPICON_NAME = AppIcon;
				ASSETCATALOG_COMPILER_GLOBAL_ACCENT_COLOR_NAME = AccentColor;
				CODE_SIGN_STYLE = Automatic;
				DEVELOPMENT_ASSET_PATHS = "\"HackingWithSwift/Preview Content\"";
				ENABLE_PREVIEWS = YES;
				INFOPLIST_FILE = HackingWithSwift/Info.plist;
				IPHONEOS_DEPLOYMENT_TARGET = 14.0;
				LD_RUNPATH_SEARCH_PATHS = (
					"$(inherited)",
					"@executable_path/Frameworks",
				);
				PRODUCT_BUNDLE_IDENTIFIER = test.HackingWithSwift;
				PRODUCT_NAME = "$(TARGET_NAME)";
				SWIFT_VERSION = 5.0;
				TARGETED_DEVICE_FAMILY = "1,2";
			};
			name = Release;
		};
/* End XCBuildConfiguration section */

/* Begin XCConfigurationList section */
		9487800D26C0D63100714498 /* Build configuration list for PBXProject "HackingWithSwift" */ = {
			isa = XCConfigurationList;
			buildConfigurations = (
				9487801F26C0D63300714498 /* Debug */,
				9487802026C0D63300714498 /* Release */,
			);
			defaultConfigurationIsVisible = 0;
			defaultConfigurationName = Release;
		};
		9487802126C0D63300714498 /* Build configuration list for PBXNativeTarget "HackingWithSwift" */ = {
			isa = XCConfigurationList;
			buildConfigurations = (
				9487802226C0D63300714498 /* Debug */,
				9487802326C0D63300714498 /* Release */,
			);
			defaultConfigurationIsVisible = 0;
			defaultConfigurationName = Release;
		};
/* End XCConfigurationList section */
	};
	rootObject = 9487800A26C0D63100714498 /* Project object */;
}
